{
  "requires": true,
  "lockfileVersion": 1,
  "dependencies": {
    "algeria-wilayas": {
      "version": "1.0.1",
      "resolved": "https://registry.npmjs.org/algeria-wilayas/-/algeria-wilayas-1.0.1.tgz",
      "integrity": "sha512-gp56KI2PXwWxyrCjUKIRy3jaqvLCgnqYlM4mZtrJvdD58PTaQn2maOZeA04jpEGTVnLWEaO6jRKwXrFUMWcPpg=="
    }
  }
}
